
Microsoft Visual Studio Solution File, Format Version 12.00
# Visual Studio Version 16
VisualStudioVersion = 16.0.31702.278
MinimumVisualStudioVersion = 10.0.40219.1
Project("{9A19103F-16F7-4668-BE54-9A1E7A4F7556}") = "WebApplication2", "WebApplication2.csproj", "{41031229-5187-4BAA-9CE5-E5364EBF3B89}"
	ProjectSection(ProjectDependencies) = postProject
		{D0B3F8B9-6D71-4D56-BAF7-1B26DABCD8D1} = {D0B3F8B9-6D71-4D56-BAF7-1B26DABCD8D1}
		{93D92DED-2A29-4B0D-9FD7-1F91998AB258} = {93D92DED-2A29-4B0D-9FD7-1F91998AB258}
	EndProjectSection
EndProject
Project("{FAE04EC0-301F-11D3-BF4B-00C04F79EFBC}") = "WebApplication2.Models", "..\WebApplication2.Models\WebApplication2.Models.csproj", "{93D92DED-2A29-4B0D-9FD7-1F91998AB258}"
EndProject
Project("{FAE04EC0-301F-11D3-BF4B-00C04F79EFBC}") = "WebApplication2.BLL", "..\WebApplication2.BLL\WebApplication2.BLL.csproj", "{D0B3F8B9-6D71-4D56-BAF7-1B26DABCD8D1}"
EndProject
Global
	GlobalSection(SolutionConfigurationPlatforms) = preSolution
		Debug|Any CPU = Debug|Any CPU
		Release|Any CPU = Release|Any CPU
	EndGlobalSection
	GlobalSection(ProjectConfigurationPlatforms) = postSolution
		{41031229-5187-4BAA-9CE5-E5364EBF3B89}.Debug|Any CPU.ActiveCfg = Debug|Any CPU
		{41031229-5187-4BAA-9CE5-E5364EBF3B89}.Debug|Any CPU.Build.0 = Debug|Any CPU
		{41031229-5187-4BAA-9CE5-E5364EBF3B89}.Release|Any CPU.ActiveCfg = Release|Any CPU
		{41031229-5187-4BAA-9CE5-E5364EBF3B89}.Release|Any CPU.Build.0 = Release|Any CPU
		{93D92DED-2A29-4B0D-9FD7-1F91998AB258}.Debug|Any CPU.ActiveCfg = Debug|Any CPU
		{93D92DED-2A29-4B0D-9FD7-1F91998AB258}.Debug|Any CPU.Build.0 = Debug|Any CPU
		{93D92DED-2A29-4B0D-9FD7-1F91998AB258}.Release|Any CPU.ActiveCfg = Release|Any CPU
		{93D92DED-2A29-4B0D-9FD7-1F91998AB258}.Release|Any CPU.Build.0 = Release|Any CPU
		{D0B3F8B9-6D71-4D56-BAF7-1B26DABCD8D1}.Debug|Any CPU.ActiveCfg = Debug|Any CPU
		{D0B3F8B9-6D71-4D56-BAF7-1B26DABCD8D1}.Debug|Any CPU.Build.0 = Debug|Any CPU
		{D0B3F8B9-6D71-4D56-BAF7-1B26DABCD8D1}.Release|Any CPU.ActiveCfg = Release|Any CPU
		{D0B3F8B9-6D71-4D56-BAF7-1B26DABCD8D1}.Release|Any CPU.Build.0 = Release|Any CPU
	EndGlobalSection
	GlobalSection(SolutionProperties) = preSolution
		HideSolutionNode = FALSE
	EndGlobalSection
	GlobalSection(ExtensibilityGlobals) = postSolution
		SolutionGuid = {2490AFFE-D614-4A12-A9E6-D3A6B171309C}
	EndGlobalSection
EndGlobal
